
Microsoft Visual Studio Solution File, Format Version 10.00
# Visual Studio 2008
Project("{8BC9CEB8-8B4A-11D0-8D11-00A0C91BC942}") = "T00FIRST", "T03PRIM.vcproj", "{D1A80F30-68DA-4DCE-814B-D31AD84021BC}"
EndProject
Global
	GlobalSection(SolutionConfigurationPlatforms) = preSolution
		Debug|Win32 = Debug|Win32
		Release|Win32 = Release|Win32
	EndGlobalSection
	GlobalSection(ProjectConfigurationPlatforms) = postSolution
		{D1A80F30-68DA-4DCE-814B-D31AD84021BC}.Debug|Win32.ActiveCfg = Debug|Win32
		{D1A80F30-68DA-4DCE-814B-D31AD84021BC}.Debug|Win32.Build.0 = Debug|Win32
		{D1A80F30-68DA-4DCE-814B-D31AD84021BC}.Release|Win32.ActiveCfg = Release|Win32
		{D1A80F30-68DA-4DCE-814B-D31AD84021BC}.Release|Win32.Build.0 = Release|Win32
	EndGlobalSection
	GlobalSection(SolutionProperties) = preSolution
		HideSolutionNode = FALSE
	EndGlobalSection
EndGlobal
